
Microsoft Visual Studio Solution File, Format Version 12.00
# Visual Studio 15
VisualStudioVersion = 15.0.28307.489
MinimumVisualStudioVersion = 10.0.40219.1
Project("{FAE04EC0-301F-11D3-BF4B-00C04F79EFBC}") = "TravelBackend.Web", "TravelBackend.Web\TravelBackend.Web.csproj", "{32F9E0AF-6528-4D04-90D9-8366850DCCB9}"
EndProject
Project("{FAE04EC0-301F-11D3-BF4B-00C04F79EFBC}") = "TravelBackend.Data", "TravelBackend.Data\TravelBackend.Data.csproj", "{8B5C6612-BD3C-48D9-8809-388336E7C4F1}"
EndProject
Project("{FAE04EC0-301F-11D3-BF4B-00C04F79EFBC}") = "TravelBackend.Models", "TravelBackend.Models\TravelBackend.Models.csproj", "{ED5CBBFD-3DA1-4A5A-B286-17ABE731DAF8}"
EndProject
Project("{FAE04EC0-301F-11D3-BF4B-00C04F79EFBC}") = "TravelBackend.Services", "TravelBackend.Services\TravelBackend.Services.csproj", "{82F9DB3C-1916-40E1-A613-A8C5779D530C}"
EndProject
Global
	GlobalSection(SolutionConfigurationPlatforms) = preSolution
		Debug|Any CPU = Debug|Any CPU
		Release|Any CPU = Release|Any CPU
	EndGlobalSection
	GlobalSection(ProjectConfigurationPlatforms) = postSolution
		{32F9E0AF-6528-4D04-90D9-8366850DCCB9}.Debug|Any CPU.ActiveCfg = Debug|Any CPU
		{32F9E0AF-6528-4D04-90D9-8366850DCCB9}.Debug|Any CPU.Build.0 = Debug|Any CPU
		{32F9E0AF-6528-4D04-90D9-8366850DCCB9}.Release|Any CPU.ActiveCfg = Release|Any CPU
		{32F9E0AF-6528-4D04-90D9-8366850DCCB9}.Release|Any CPU.Build.0 = Release|Any CPU
		{8B5C6612-BD3C-48D9-8809-388336E7C4F1}.Debug|Any CPU.ActiveCfg = Debug|Any CPU
		{8B5C6612-BD3C-48D9-8809-388336E7C4F1}.Debug|Any CPU.Build.0 = Debug|Any CPU
		{8B5C6612-BD3C-48D9-8809-388336E7C4F1}.Release|Any CPU.ActiveCfg = Release|Any CPU
		{8B5C6612-BD3C-48D9-8809-388336E7C4F1}.Release|Any CPU.Build.0 = Release|Any CPU
		{ED5CBBFD-3DA1-4A5A-B286-17ABE731DAF8}.Debug|Any CPU.ActiveCfg = Debug|Any CPU
		{ED5CBBFD-3DA1-4A5A-B286-17ABE731DAF8}.Debug|Any CPU.Build.0 = Debug|Any CPU
		{ED5CBBFD-3DA1-4A5A-B286-17ABE731DAF8}.Release|Any CPU.ActiveCfg = Release|Any CPU
		{ED5CBBFD-3DA1-4A5A-B286-17ABE731DAF8}.Release|Any CPU.Build.0 = Release|Any CPU
		{82F9DB3C-1916-40E1-A613-A8C5779D530C}.Debug|Any CPU.ActiveCfg = Debug|Any CPU
		{82F9DB3C-1916-40E1-A613-A8C5779D530C}.Debug|Any CPU.Build.0 = Debug|Any CPU
		{82F9DB3C-1916-40E1-A613-A8C5779D530C}.Release|Any CPU.ActiveCfg = Release|Any CPU
		{82F9DB3C-1916-40E1-A613-A8C5779D530C}.Release|Any CPU.Build.0 = Release|Any CPU
	EndGlobalSection
	GlobalSection(SolutionProperties) = preSolution
		HideSolutionNode = FALSE
	EndGlobalSection
	GlobalSection(ExtensibilityGlobals) = postSolution
		SolutionGuid = {7888D015-018F-4CC0-A3C0-A65F83CC6FB8}
	EndGlobalSection
EndGlobal
